// !$*UTF8*$!
{
	archiveVersion = 1;
	classes = {
	};
	objectVersion = 50;
	objects = {

/* Begin PBXBuildFile section */
		A637707126213E6C00E42F7E /* AppDelegate.swift in Sources */ = {isa = PBXBuildFile; fileRef = A637707026213E6C00E42F7E /* AppDelegate.swift */; };
		A637707326213E6C00E42F7E /* SceneDelegate.swift in Sources */ = {isa = PBXBuildFile; fileRef = A637707226213E6C00E42F7E /* SceneDelegate.swift */; };
		A637707A26213E6E00E42F7E /* Assets.xcassets in Resources */ = {isa = PBXBuildFile; fileRef = A637707926213E6E00E42F7E /* Assets.xcassets */; };
		A637707D26213E6E00E42F7E /* LaunchScreen.storyboard in Resources */ = {isa = PBXBuildFile; fileRef = A637707B26213E6E00E42F7E /* LaunchScreen.storyboard */; };
		A637708B26213F2A00E42F7E /* MapController.swift in Sources */ = {isa = PBXBuildFile; fileRef = A637708A26213F2A00E42F7E /* MapController.swift */; };
		A637708F26213FFD00E42F7E /* UIView+Extensions.swift in Sources */ = {isa = PBXBuildFile; fileRef = A637708E26213FFD00E42F7E /* UIView+Extensions.swift */; };
		A6377092262148C700E42F7E /* LocationRequestController.swift in Sources */ = {isa = PBXBuildFile; fileRef = A6377091262148C700E42F7E /* LocationRequestController.swift */; };
		A6377096262172D700E42F7E /* SearchInputView.swift in Sources */ = {isa = PBXBuildFile; fileRef = A6377095262172D700E42F7E /* SearchInputView.swift */; };
		A637709A262178AB00E42F7E /* SearchCell.swift in Sources */ = {isa = PBXBuildFile; fileRef = A6377099262178AB00E42F7E /* SearchCell.swift */; };
		A63770A3262187D700E42F7E /* SearchInputViewModel.swift in Sources */ = {isa = PBXBuildFile; fileRef = A63770A2262187D700E42F7E /* SearchInputViewModel.swift */; };
/* End PBXBuildFile section */

/* Begin PBXFileReference section */
		A637706D26213E6C00E42F7E /* Map Kit App.app */ = {isa = PBXFileReference; explicitFileType = wrapper.application; includeInIndex = 0; path = "Map Kit App.app"; sourceTree = BUILT_PRODUCTS_DIR; };
		A637707026213E6C00E42F7E /* AppDelegate.swift */ = {isa = PBXFileReference; lastKnownFileType = sourcecode.swift; path = AppDelegate.swift; sourceTree = "<group>"; };
		A637707226213E6C00E42F7E /* SceneDelegate.swift */ = {isa = PBXFileReference; lastKnownFileType = sourcecode.swift; path = SceneDelegate.swift; sourceTree = "<group>"; };
		A637707926213E6E00E42F7E /* Assets.xcassets */ = {isa = PBXFileReference; lastKnownFileType = folder.assetcatalog; path = Assets.xcassets; sourceTree = "<group>"; };
		A637707C26213E6E00E42F7E /* Base */ = {isa = PBXFileReference; lastKnownFileType = file.storyboard; name = Base; path = Base.lproj/LaunchScreen.storyboard; sourceTree = "<group>"; };
		A637707E26213E6E00E42F7E /* Info.plist */ = {isa = PBXFileReference; lastKnownFileType = text.plist.xml; path = Info.plist; sourceTree = "<group>"; };
		A637708A26213F2A00E42F7E /* MapController.swift */ = {isa = PBXFileReference; lastKnownFileType = sourcecode.swift; path = MapController.swift; sourceTree = "<group>"; };
		A637708E26213FFD00E42F7E /* UIView+Extensions.swift */ = {isa = PBXFileReference; lastKnownFileType = sourcecode.swift; path = "UIView+Extensions.swift"; sourceTree = "<group>"; };
		A6377091262148C700E42F7E /* LocationRequestController.swift */ = {isa = PBXFileReference; lastKnownFileType = sourcecode.swift; path = LocationRequestController.swift; sourceTree = "<group>"; };
		A6377095262172D700E42F7E /* SearchInputView.swift */ = {isa = PBXFileReference; lastKnownFileType = sourcecode.swift; path = SearchInputView.swift; sourceTree = "<group>"; };
		A6377099262178AB00E42F7E /* SearchCell.swift */ = {isa = PBXFileReference; lastKnownFileType = sourcecode.swift; path = SearchCell.swift; sourceTree = "<group>"; };
		A63770A2262187D700E42F7E /* SearchInputViewModel.swift */ = {isa = PBXFileReference; lastKnownFileType = sourcecode.swift; path = SearchInputViewModel.swift; sourceTree = "<group>"; };
/* End PBXFileReference section */

/* Begin PBXFrameworksBuildPhase section */
		A637706A26213E6C00E42F7E /* Frameworks */ = {
			isa = PBXFrameworksBuildPhase;
			buildActionMask = 2147483647;
			files = (
			);
			runOnlyForDeploymentPostprocessing = 0;
		};
/* End PBXFrameworksBuildPhase section */

/* Begin PBXGroup section */
		A637706426213E6C00E42F7E = {
			isa = PBXGroup;
			children = (
				A637706F26213E6C00E42F7E /* Map Kit App */,
				A637706E26213E6C00E42F7E /* Products */,
			);
			sourceTree = "<group>";
		};
		A637706E26213E6C00E42F7E /* Products */ = {
			isa = PBXGroup;
			children = (
				A637706D26213E6C00E42F7E /* Map Kit App.app */,
			);
			name = Products;
			sourceTree = "<group>";
		};
		A637706F26213E6C00E42F7E /* Map Kit App */ = {
			isa = PBXGroup;
			children = (
				A637709C262180EF00E42F7E /* View Models */,
				A6377094262172CA00E42F7E /* Views */,
				A637708D26213FF100E42F7E /* Extensions */,
				A637708926213F1D00E42F7E /* Controllers */,
				A637707026213E6C00E42F7E /* AppDelegate.swift */,
				A637707226213E6C00E42F7E /* SceneDelegate.swift */,
				A637707926213E6E00E42F7E /* Assets.xcassets */,
				A637707B26213E6E00E42F7E /* LaunchScreen.storyboard */,
				A637707E26213E6E00E42F7E /* Info.plist */,
			);
			path = "Map Kit App";
			sourceTree = "<group>";
		};
		A637708926213F1D00E42F7E /* Controllers */ = {
			isa = PBXGroup;
			children = (
				A637708A26213F2A00E42F7E /* MapController.swift */,
				A6377091262148C700E42F7E /* LocationRequestController.swift */,
			);
			path = Controllers;
			sourceTree = "<group>";
		};
		A637708D26213FF100E42F7E /* Extensions */ = {
			isa = PBXGroup;
			children = (
				A637708E26213FFD00E42F7E /* UIView+Extensions.swift */,
			);
			path = Extensions;
			sourceTree = "<group>";
		};
		A6377094262172CA00E42F7E /* Views */ = {
			isa = PBXGroup;
			children = (
				A6377095262172D700E42F7E /* SearchInputView.swift */,
				A6377099262178AB00E42F7E /* SearchCell.swift */,
			);
			path = Views;
			sourceTree = "<group>";
		};
		A637709C262180EF00E42F7E /* View Models */ = {
			isa = PBXGroup;
			children = (
				A63770A2262187D700E42F7E /* SearchInputViewModel.swift */,
			);
			path = "View Models";
			sourceTree = "<group>";
		};
/* End PBXGroup section */

/* Begin PBXNativeTarget section */
		A637706C26213E6C00E42F7E /* Map Kit App */ = {
			isa = PBXNativeTarget;
			buildConfigurationList = A637708126213E6E00E42F7E /* Build configuration list for PBXNativeTarget "Map Kit App" */;
			buildPhases = (
				A637706926213E6C00E42F7E /* Sources */,
				A637706A26213E6C00E42F7E /* Frameworks */,
				A637706B26213E6C00E42F7E /* Resources */,
			);
			buildRules = (
			);
			dependencies = (
			);
			name = "Map Kit App";
			productName = "Map Kit App";
			productReference = A637706D26213E6C00E42F7E /* Map Kit App.app */;
			productType = "com.apple.product-type.application";
		};
/* End PBXNativeTarget section */

/* Begin PBXProject section */
		A637706526213E6C00E42F7E /* Project object */ = {
			isa = PBXProject;
			attributes = {
				LastSwiftUpdateCheck = 1240;
				LastUpgradeCheck = 1240;
				TargetAttributes = {
					A637706C26213E6C00E42F7E = {
						CreatedOnToolsVersion = 12.4;
					};
				};
			};
			buildConfigurationList = A637706826213E6C00E42F7E /* Build configuration list for PBXProject "Map Kit App" */;
			compatibilityVersion = "Xcode 9.3";
			developmentRegion = en;
			hasScannedForEncodings = 0;
			knownRegions = (
				en,
				Base,
			);
			mainGroup = A637706426213E6C00E42F7E;
			productRefGroup = A637706E26213E6C00E42F7E /* Products */;
			projectDirPath = "";
			projectRoot = "";
			targets = (
				A637706C26213E6C00E42F7E /* Map Kit App */,
			);
		};
/* End PBXProject section */

/* Begin PBXResourcesBuildPhase section */
		A637706B26213E6C00E42F7E /* Resources */ = {
			isa = PBXResourcesBuildPhase;
			buildActionMask = 2147483647;
			files = (
				A637707D26213E6E00E42F7E /* LaunchScreen.storyboard in Resources */,
				A637707A26213E6E00E42F7E /* Assets.xcassets in Resources */,
			);
			runOnlyForDeploymentPostprocessing = 0;
		};
/* End PBXResourcesBuildPhase section */

/* Begin PBXSourcesBuildPhase section */
		A637706926213E6C00E42F7E /* Sources */ = {
			isa = PBXSourcesBuildPhase;
			buildActionMask = 2147483647;
			files = (
				A637707126213E6C00E42F7E /* AppDelegate.swift in Sources */,
				A637708B26213F2A00E42F7E /* MapController.swift in Sources */,
				A637708F26213FFD00E42F7E /* UIView+Extensions.swift in Sources */,
				A637709A262178AB00E42F7E /* SearchCell.swift in Sources */,
				A637707326213E6C00E42F7E /* SceneDelegate.swift in Sources */,
				A6377092262148C700E42F7E /* LocationRequestController.swift in Sources */,
				A6377096262172D700E42F7E /* SearchInputView.swift in Sources */,
				A63770A3262187D700E42F7E /* SearchInputViewModel.swift in Sources */,
			);
			runOnlyForDeploymentPostprocessing = 0;
		};
/* End PBXSourcesBuildPhase section */

/* Begin PBXVariantGroup section */
		A637707B26213E6E00E42F7E /* LaunchScreen.storyboard */ = {
			isa = PBXVariantGroup;
			children = (
				A637707C26213E6E00E42F7E /* Base */,
			);
			name = LaunchScreen.storyboard;
			sourceTree = "<group>";
		};
/* End PBXVariantGroup section */

/* Begin XCBuildConfiguration section */
		A637707F26213E6E00E42F7E /* Debug */ = {
			isa = XCBuildConfiguration;
			buildSettings = {
				ALWAYS_SEARCH_USER_PATHS = NO;
				CLANG_ANALYZER_NONNULL = YES;
				CLANG_ANALYZER_NUMBER_OBJECT_CONVERSION = YES_AGGRESSIVE;
				CLANG_CXX_LANGUAGE_STANDARD = "gnu++14";
				CLANG_CXX_LIBRARY = "libc++";
				CLANG_ENABLE_MODULES = YES;
				CLANG_ENABLE_OBJC_ARC = YES;
				CLANG_ENABLE_OBJC_WEAK = YES;
				CLANG_WARN_BLOCK_CAPTURE_AUTORELEASING = YES;
				CLANG_WARN_BOOL_CONVERSION = YES;
				CLANG_WARN_COMMA = YES;
				CLANG_WARN_CONSTANT_CONVERSION = YES;
				CLANG_WARN_DEPRECATED_OBJC_IMPLEMENTATIONS = YES;
				CLANG_WARN_DIRECT_OBJC_ISA_USAGE = YES_ERROR;
				CLANG_WARN_DOCUMENTATION_COMMENTS = YES;
				CLANG_WARN_EMPTY_BODY = YES;
				CLANG_WARN_ENUM_CONVERSION = YES;
				CLANG_WARN_INFINITE_RECURSION = YES;
				CLANG_WARN_INT_CONVERSION = YES;
				CLANG_WARN_NON_LITERAL_NULL_CONVERSION = YES;
				CLANG_WARN_OBJC_IMPLICIT_RETAIN_SELF = YES;
				CLANG_WARN_OBJC_LITERAL_CONVERSION = YES;
				CLANG_WARN_OBJC_ROOT_CLASS = YES_ERROR;
				CLANG_WARN_QUOTED_INCLUDE_IN_FRAMEWORK_HEADER = YES;
				CLANG_WARN_RANGE_LOOP_ANALYSIS = YES;
				CLANG_WARN_STRICT_PROTOTYPES = YES;
				CLANG_WARN_SUSPICIOUS_MOVE = YES;
				CLANG_WARN_UNGUARDED_AVAILABILITY = YES_AGGRESSIVE;
				CLANG_WARN_UNREACHABLE_CODE = YES;
				CLANG_WARN__DUPLICATE_METHOD_MATCH = YES;
				COPY_PHASE_STRIP = NO;
				DEBUG_INFORMATION_FORMAT = dwarf;
				ENABLE_STRICT_OBJC_MSGSEND = YES;
				ENABLE_TESTABILITY = YES;
				GCC_C_LANGUAGE_STANDARD = gnu11;
				GCC_DYNAMIC_NO_PIC = NO;
				GCC_NO_COMMON_BLOCKS = YES;
				GCC_OPTIMIZATION_LEVEL = 0;
				GCC_PREPROCESSOR_DEFINITIONS = (
					"DEBUG=1",
					"$(inherited)",
				);
				GCC_WARN_64_TO_32_BIT_CONVERSION = YES;
				GCC_WARN_ABOUT_RETURN_TYPE = YES_ERROR;
				GCC_WARN_UNDECLARED_SELECTOR = YES;
				GCC_WARN_UNINITIALIZED_AUTOS = YES_AGGRESSIVE;
				GCC_WARN_UNUSED_FUNCTION = YES;
				GCC_WARN_UNUSED_VARIABLE = YES;
				IPHONEOS_DEPLOYMENT_TARGET = 14.4;
				MTL_ENABLE_DEBUG_INFO = INCLUDE_SOURCE;
				MTL_FAST_MATH = YES;
				ONLY_ACTIVE_ARCH = YES;
				SDKROOT = iphoneos;
				SWIFT_ACTIVE_COMPILATION_CONDITIONS = DEBUG;
				SWIFT_OPTIMIZATION_LEVEL = "-Onone";
			};
			name = Debug;
		};
		A637708026213E6E00E42F7E /* Release */ = {
			isa = XCBuildConfiguration;
			buildSettings = {
				ALWAYS_SEARCH_USER_PATHS = NO;
				CLANG_ANALYZER_NONNULL = YES;
				CLANG_ANALYZER_NUMBER_OBJECT_CONVERSION = YES_AGGRESSIVE;
				CLANG_CXX_LANGUAGE_STANDARD = "gnu++14";
				CLANG_CXX_LIBRARY = "libc++";
				CLANG_ENABLE_MODULES = YES;
				CLANG_ENABLE_OBJC_ARC = YES;
				CLANG_ENABLE_OBJC_WEAK = YES;
				CLANG_WARN_BLOCK_CAPTURE_AUTORELEASING = YES;
				CLANG_WARN_BOOL_CONVERSION = YES;
				CLANG_WARN_COMMA = YES;
				CLANG_WARN_CONSTANT_CONVERSION = YES;
				CLANG_WARN_DEPRECATED_OBJC_IMPLEMENTATIONS = YES;
				CLANG_WARN_DIRECT_OBJC_ISA_USAGE = YES_ERROR;
				CLANG_WARN_DOCUMENTATION_COMMENTS = YES;
				CLANG_WARN_EMPTY_BODY = YES;
				CLANG_WARN_ENUM_CONVERSION = YES;
				CLANG_WARN_INFINITE_RECURSION = YES;
				CLANG_WARN_INT_CONVERSION = YES;
				CLANG_WARN_NON_LITERAL_NULL_CONVERSION = YES;
				CLANG_WARN_OBJC_IMPLICIT_RETAIN_SELF = YES;
				CLANG_WARN_OBJC_LITERAL_CONVERSION = YES;
				CLANG_WARN_OBJC_ROOT_CLASS = YES_ERROR;
				CLANG_WARN_QUOTED_INCLUDE_IN_FRAMEWORK_HEADER = YES;
				CLANG_WARN_RANGE_LOOP_ANALYSIS = YES;
				CLANG_WARN_STRICT_PROTOTYPES = YES;
				CLANG_WARN_SUSPICIOUS_MOVE = YES;
				CLANG_WARN_UNGUARDED_AVAILABILITY = YES_AGGRESSIVE;
				CLANG_WARN_UNREACHABLE_CODE = YES;
				CLANG_WARN__DUPLICATE_METHOD_MATCH = YES;
				COPY_PHASE_STRIP = NO;
				DEBUG_INFORMATION_FORMAT = "dwarf-with-dsym";
				ENABLE_NS_ASSERTIONS = NO;
				ENABLE_STRICT_OBJC_MSGSEND = YES;
				GCC_C_LANGUAGE_STANDARD = gnu11;
				GCC_NO_COMMON_BLOCKS = YES;
				GCC_WARN_64_TO_32_BIT_CONVERSION = YES;
				GCC_WARN_ABOUT_RETURN_TYPE = YES_ERROR;
				GCC_WARN_UNDECLARED_SELECTOR = YES;
				GCC_WARN_UNINITIALIZED_AUTOS = YES_AGGRESSIVE;
				GCC_WARN_UNUSED_FUNCTION = YES;
				GCC_WARN_UNUSED_VARIABLE = YES;
				IPHONEOS_DEPLOYMENT_TARGET = 14.4;
				MTL_ENABLE_DEBUG_INFO = NO;
				MTL_FAST_MATH = YES;
				SDKROOT = iphoneos;
				SWIFT_COMPILATION_MODE = wholemodule;
				SWIFT_OPTIMIZATION_LEVEL = "-O";
				VALIDATE_PRODUCT = YES;
			};
			name = Release;
		};
		A637708226213E6E00E42F7E /* Debug */ = {
			isa = XCBuildConfiguration;
			buildSettings = {
				ASSETCATALOG_COMPILER_APPICON_NAME = AppIcon;
				ASSETCATALOG_COMPILER_GLOBAL_ACCENT_COLOR_NAME = AccentColor;
				CODE_SIGN_STYLE = Automatic;
				DEVELOPMENT_TEAM = T792HGNPDD;
				INFOPLIST_FILE = "Map Kit App/Info.plist";
				LD_RUNPATH_SEARCH_PATHS = (
					"$(inherited)",
					"@executable_path/Frameworks",
				);
				PRODUCT_BUNDLE_IDENTIFIER = "com.senducusin.Map-Kit-App";
				PRODUCT_NAME = "$(TARGET_NAME)";
				SWIFT_VERSION = 5.0;
				TARGETED_DEVICE_FAMILY = "1,2";
			};
			name = Debug;
		};
		A637708326213E6E00E42F7E /* Release */ = {
			isa = XCBuildConfiguration;
			buildSettings = {
				ASSETCATALOG_COMPILER_APPICON_NAME = AppIcon;
				ASSETCATALOG_COMPILER_GLOBAL_ACCENT_COLOR_NAME = AccentColor;
				CODE_SIGN_STYLE = Automatic;
				DEVELOPMENT_TEAM = T792HGNPDD;
				INFOPLIST_FILE = "Map Kit App/Info.plist";
				LD_RUNPATH_SEARCH_PATHS = (
					"$(inherited)",
					"@executable_path/Frameworks",
				);
				PRODUCT_BUNDLE_IDENTIFIER = "com.senducusin.Map-Kit-App";
				PRODUCT_NAME = "$(TARGET_NAME)";
				SWIFT_VERSION = 5.0;
				TARGETED_DEVICE_FAMILY = "1,2";
			};
			name = Release;
		};
/* End XCBuildConfiguration section */

/* Begin XCConfigurationList section */
		A637706826213E6C00E42F7E /* Build configuration list for PBXProject "Map Kit App" */ = {
			isa = XCConfigurationList;
			buildConfigurations = (
				A637707F26213E6E00E42F7E /* Debug */,
				A637708026213E6E00E42F7E /* Release */,
			);
			defaultConfigurationIsVisible = 0;
			defaultConfigurationName = Release;
		};
		A637708126213E6E00E42F7E /* Build configuration list for PBXNativeTarget "Map Kit App" */ = {
			isa = XCConfigurationList;
			buildConfigurations = (
				A637708226213E6E00E42F7E /* Debug */,
				A637708326213E6E00E42F7E /* Release */,
			);
			defaultConfigurationIsVisible = 0;
			defaultConfigurationName = Release;
		};
/* End XCConfigurationList section */
	};
	rootObject = A637706526213E6C00E42F7E /* Project object */;
}
